
Microsoft Visual Studio Solution File, Format Version 12.00
# Visual Studio 15
VisualStudioVersion = 15.0.27703.2000
MinimumVisualStudioVersion = 10.0.40219.1
Project("{FAE04EC0-301F-11D3-BF4B-00C04F79EFBC}") = "JinsMeme-WebAPI-Client", "JinsMeme-WebAPI-Client\JinsMeme-WebAPI-Client.csproj", "{DA4ACBED-DF3E-44A3-AC10-AD1BC3DB7E2A}"
EndProject
Global
	GlobalSection(SolutionConfigurationPlatforms) = preSolution
		Debug|Any CPU = Debug|Any CPU
		Release|Any CPU = Release|Any CPU
	EndGlobalSection
	GlobalSection(ProjectConfigurationPlatforms) = postSolution
		{DA4ACBED-DF3E-44A3-AC10-AD1BC3DB7E2A}.Debug|Any CPU.ActiveCfg = Debug|Any CPU
		{DA4ACBED-DF3E-44A3-AC10-AD1BC3DB7E2A}.Debug|Any CPU.Build.0 = Debug|Any CPU
		{DA4ACBED-DF3E-44A3-AC10-AD1BC3DB7E2A}.Release|Any CPU.ActiveCfg = Release|Any CPU
		{DA4ACBED-DF3E-44A3-AC10-AD1BC3DB7E2A}.Release|Any CPU.Build.0 = Release|Any CPU
	EndGlobalSection
	GlobalSection(SolutionProperties) = preSolution
		HideSolutionNode = FALSE
	EndGlobalSection
	GlobalSection(ExtensibilityGlobals) = postSolution
		SolutionGuid = {24092EB1-E731-416D-9A95-449B43B46F43}
	EndGlobalSection
EndGlobal
